
Microsoft Visual Studio Solution File, Format Version 12.00
# Visual Studio Version 17
VisualStudioVersion = 17.3.32811.315
MinimumVisualStudioVersion = 10.0.40219.1
Project("{FAE04EC0-301F-11D3-BF4B-00C04F79EFBC}") = "Streamish", "Streamish\Streamish.csproj", "{5042154B-B40F-42AD-BD8E-90885BABE83F}"
EndProject
Global
	GlobalSection(SolutionConfigurationPlatforms) = preSolution
		Debug|Any CPU = Debug|Any CPU
		Release|Any CPU = Release|Any CPU
	EndGlobalSection
	GlobalSection(ProjectConfigurationPlatforms) = postSolution
		{5042154B-B40F-42AD-BD8E-90885BABE83F}.Debug|Any CPU.ActiveCfg = Debug|Any CPU
		{5042154B-B40F-42AD-BD8E-90885BABE83F}.Debug|Any CPU.Build.0 = Debug|Any CPU
		{5042154B-B40F-42AD-BD8E-90885BABE83F}.Release|Any CPU.ActiveCfg = Release|Any CPU
		{5042154B-B40F-42AD-BD8E-90885BABE83F}.Release|Any CPU.Build.0 = Release|Any CPU
	EndGlobalSection
	GlobalSection(SolutionProperties) = preSolution
		HideSolutionNode = FALSE
	EndGlobalSection
	GlobalSection(ExtensibilityGlobals) = postSolution
		SolutionGuid = {4E9D8B1D-ED26-4BFB-9E7E-27086387C465}
	EndGlobalSection
EndGlobal
